// !$*UTF8*$!
{
	archiveVersion = 1;
	classes = {
	};
	objectVersion = 46;
	objects = {

/* Begin PBXBuildFile section */
		8300DDAA1812E8BD00A3B342 /* PratoParser.m in Sources */ = {isa = PBXBuildFile; fileRef = 8300DDA91812E8BD00A3B342 /* PratoParser.m */; };
		835507B7181370C100AC7F70 /* AvaliacaoParser.m in Sources */ = {isa = PBXBuildFile; fileRef = 835507B6181370C100AC7F70 /* AvaliacaoParser.m */; };
		8368DFB9180CB93D0065B993 /* Foundation.framework in Frameworks */ = {isa = PBXBuildFile; fileRef = 8368DFB8180CB93D0065B993 /* Foundation.framework */; };
		8368DFBB180CB93D0065B993 /* CoreGraphics.framework in Frameworks */ = {isa = PBXBuildFile; fileRef = 8368DFBA180CB93D0065B993 /* CoreGraphics.framework */; };
		8368DFBD180CB93D0065B993 /* UIKit.framework in Frameworks */ = {isa = PBXBuildFile; fileRef = 8368DFBC180CB93D0065B993 /* UIKit.framework */; };
		8368DFC3180CB93D0065B993 /* InfoPlist.strings in Resources */ = {isa = PBXBuildFile; fileRef = 8368DFC1180CB93D0065B993 /* InfoPlist.strings */; };
		8368DFC5180CB93D0065B993 /* main.m in Sources */ = {isa = PBXBuildFile; fileRef = 8368DFC4180CB93D0065B993 /* main.m */; };
		8368DFC9180CB93D0065B993 /* AppDelegate.m in Sources */ = {isa = PBXBuildFile; fileRef = 8368DFC8180CB93D0065B993 /* AppDelegate.m */; };
		8368DFCC180CB93D0065B993 /* iPhone.storyboard in Resources */ = {isa = PBXBuildFile; fileRef = 8368DFCA180CB93D0065B993 /* iPhone.storyboard */; };
		8368DFD4180CB93D0065B993 /* Images.xcassets in Resources */ = {isa = PBXBuildFile; fileRef = 8368DFD3180CB93D0065B993 /* Images.xcassets */; };
		8368DFDB180CB93D0065B993 /* XCTest.framework in Frameworks */ = {isa = PBXBuildFile; fileRef = 8368DFDA180CB93D0065B993 /* XCTest.framework */; };
		8368DFDC180CB93D0065B993 /* Foundation.framework in Frameworks */ = {isa = PBXBuildFile; fileRef = 8368DFB8180CB93D0065B993 /* Foundation.framework */; };
		8368DFDD180CB93D0065B993 /* UIKit.framework in Frameworks */ = {isa = PBXBuildFile; fileRef = 8368DFBC180CB93D0065B993 /* UIKit.framework */; };
		8368DFE5180CB93E0065B993 /* InfoPlist.strings in Resources */ = {isa = PBXBuildFile; fileRef = 8368DFE3180CB93D0065B993 /* InfoPlist.strings */; };
		8368DFE7180CB93E0065B993 /* cardapioTests.m in Sources */ = {isa = PBXBuildFile; fileRef = 8368DFE6180CB93E0065B993 /* cardapioTests.m */; };
		8368DFF6180CBA280065B993 /* logo.png in Resources */ = {isa = PBXBuildFile; fileRef = 8368DFF1180CBA280065B993 /* logo.png */; };
		8368DFF7180CBA280065B993 /* prato.jpg in Resources */ = {isa = PBXBuildFile; fileRef = 8368DFF2180CBA280065B993 /* prato.jpg */; };
		8368DFF8180CBA280065B993 /* star1.png in Resources */ = {isa = PBXBuildFile; fileRef = 8368DFF3180CBA280065B993 /* star1.png */; };
		8368DFF9180CBA280065B993 /* star2.png in Resources */ = {isa = PBXBuildFile; fileRef = 8368DFF4180CBA280065B993 /* star2.png */; };
		8368DFFA180CBA280065B993 /* zoom.png in Resources */ = {isa = PBXBuildFile; fileRef = 8368DFF5180CBA280065B993 /* zoom.png */; };
		83CA79391812FF4A00EA26EA /* MKAnnotationView+WebCache.m in Sources */ = {isa = PBXBuildFile; fileRef = 83CA791D1812FF4A00EA26EA /* MKAnnotationView+WebCache.m */; };
		83CA793A1812FF4A00EA26EA /* NSData+GIF.m in Sources */ = {isa = PBXBuildFile; fileRef = 83CA791F1812FF4A00EA26EA /* NSData+GIF.m */; };
		83CA793B1812FF4A00EA26EA /* SDImageCache.m in Sources */ = {isa = PBXBuildFile; fileRef = 83CA79211812FF4A00EA26EA /* SDImageCache.m */; };
		83CA793C1812FF4A00EA26EA /* SDWebImageCompat.m in Sources */ = {isa = PBXBuildFile; fileRef = 83CA79231812FF4A00EA26EA /* SDWebImageCompat.m */; };
		83CA793D1812FF4A00EA26EA /* SDWebImageDecoder.m in Sources */ = {isa = PBXBuildFile; fileRef = 83CA79251812FF4A00EA26EA /* SDWebImageDecoder.m */; };
		83CA793E1812FF4A00EA26EA /* SDWebImageDownloader.m in Sources */ = {isa = PBXBuildFile; fileRef = 83CA79271812FF4A00EA26EA /* SDWebImageDownloader.m */; };
		83CA793F1812FF4A00EA26EA /* SDWebImageDownloaderOperation.m in Sources */ = {isa = PBXBuildFile; fileRef = 83CA79291812FF4A00EA26EA /* SDWebImageDownloaderOperation.m */; };
		83CA79401812FF4A00EA26EA /* SDWebImageManager.m in Sources */ = {isa = PBXBuildFile; fileRef = 83CA792B1812FF4A00EA26EA /* SDWebImageManager.m */; };
		83CA79411812FF4A00EA26EA /* SDWebImagePrefetcher.m in Sources */ = {isa = PBXBuildFile; fileRef = 83CA792E1812FF4A00EA26EA /* SDWebImagePrefetcher.m */; };
		83CA79421812FF4A00EA26EA /* UIButton+WebCache.m in Sources */ = {isa = PBXBuildFile; fileRef = 83CA79301812FF4A00EA26EA /* UIButton+WebCache.m */; };
		83CA79431812FF4A00EA26EA /* UIImage+GIF.m in Sources */ = {isa = PBXBuildFile; fileRef = 83CA79321812FF4A00EA26EA /* UIImage+GIF.m */; };
		83CA79441812FF4A00EA26EA /* UIImage+MultiFormat.m in Sources */ = {isa = PBXBuildFile; fileRef = 83CA79341812FF4A00EA26EA /* UIImage+MultiFormat.m */; };
		83CA79451812FF4A00EA26EA /* UIImage+WebP.m in Sources */ = {isa = PBXBuildFile; fileRef = 83CA79361812FF4A00EA26EA /* UIImage+WebP.m */; };
		83CA79461812FF4A00EA26EA /* UIImageView+WebCache.m in Sources */ = {isa = PBXBuildFile; fileRef = 83CA79381812FF4A00EA26EA /* UIImageView+WebCache.m */; };
		83CA79481813011400EA26EA /* file.jpg in Resources */ = {isa = PBXBuildFile; fileRef = 83CA79471813011400EA26EA /* file.jpg */; };
		83CA794A181305D800EA26EA /* d_agua.png in Resources */ = {isa = PBXBuildFile; fileRef = 83CA7949181305D800EA26EA /* d_agua.png */; };
		83FA9338180CC398005DB9DD /* food.png in Resources */ = {isa = PBXBuildFile; fileRef = 83FA9337180CC398005DB9DD /* food.png */; };
		83FA933E180CCBDA005DB9DD /* rating.png in Resources */ = {isa = PBXBuildFile; fileRef = 83FA933D180CCBDA005DB9DD /* rating.png */; };
		83FA9341180CD121005DB9DD /* star3.png in Resources */ = {isa = PBXBuildFile; fileRef = 83FA933F180CD121005DB9DD /* star3.png */; };
		83FA9342180CD121005DB9DD /* star4.png in Resources */ = {isa = PBXBuildFile; fileRef = 83FA9340180CD121005DB9DD /* star4.png */; };
		83FA9344180CD4E5005DB9DD /* prato-02.jpg in Resources */ = {isa = PBXBuildFile; fileRef = 83FA9343180CD4E5005DB9DD /* prato-02.jpg */; };
		83FA9349180CDFC6005DB9DD /* PratoDiaController.m in Sources */ = {isa = PBXBuildFile; fileRef = 83FA9348180CDFC6005DB9DD /* PratoDiaController.m */; };
		83FA934C180CE220005DB9DD /* AvaliacaoController.m in Sources */ = {isa = PBXBuildFile; fileRef = 83FA934B180CE220005DB9DD /* AvaliacaoController.m */; };
		83FA934E180CE837005DB9DD /* picture.png in Resources */ = {isa = PBXBuildFile; fileRef = 83FA934D180CE837005DB9DD /* picture.png */; };
		83FA9351180CF73D005DB9DD /* iPad.storyboard in Resources */ = {isa = PBXBuildFile; fileRef = 83FA934F180CF73D005DB9DD /* iPad.storyboard */; };
		83FA9353180F62AF005DB9DD /* CoreData.framework in Frameworks */ = {isa = PBXBuildFile; fileRef = 83FA9352180F62AF005DB9DD /* CoreData.framework */; };
		83FA9356180F62D6005DB9DD /* cardapio.xcdatamodeld in Sources */ = {isa = PBXBuildFile; fileRef = 83FA9354180F62D6005DB9DD /* cardapio.xcdatamodeld */; };
		83FB816B1810DC6A00C8F1CD /* AvaliacaoDB.m in Sources */ = {isa = PBXBuildFile; fileRef = 83FB816A1810DC6A00C8F1CD /* AvaliacaoDB.m */; };
		83FB81701810EAF700C8F1CD /* backgroundStar.png in Resources */ = {isa = PBXBuildFile; fileRef = 83FB816C1810EAF700C8F1CD /* backgroundStar.png */; };
		83FB81711810EAF700C8F1CD /* backgroundStar@2x.png in Resources */ = {isa = PBXBuildFile; fileRef = 83FB816D1810EAF700C8F1CD /* backgroundStar@2x.png */; };
		83FB81721810EAF700C8F1CD /* foregroundStar.png in Resources */ = {isa = PBXBuildFile; fileRef = 83FB816E1810EAF700C8F1CD /* foregroundStar.png */; };
		83FB81731810EAF700C8F1CD /* foregroundStar@2x.png in Resources */ = {isa = PBXBuildFile; fileRef = 83FB816F1810EAF700C8F1CD /* foregroundStar@2x.png */; };
		83FB81761810EB1B00C8F1CD /* TQStarRatingView.m in Sources */ = {isa = PBXBuildFile; fileRef = 83FB81751810EB1B00C8F1CD /* TQStarRatingView.m */; };
		83FB817A1811F7F800C8F1CD /* AcessoController.m in Sources */ = {isa = PBXBuildFile; fileRef = 83FB81791811F7F800C8F1CD /* AcessoController.m */; };
		83FB81811811F8E100C8F1CD /* UsuarioParser.m in Sources */ = {isa = PBXBuildFile; fileRef = 83FB81801811F8E100C8F1CD /* UsuarioParser.m */; };
		83FB818418120DC900C8F1CD /* ColaboradorDB.m in Sources */ = {isa = PBXBuildFile; fileRef = 83FB818318120DC900C8F1CD /* ColaboradorDB.m */; };
		84425DC11829C6F9002E601C /* Avaliacao.m in Sources */ = {isa = PBXBuildFile; fileRef = 84425DC01829C6F9002E601C /* Avaliacao.m */; };
		84425DC41829C6F9002E601C /* Prato.m in Sources */ = {isa = PBXBuildFile; fileRef = 84425DC31829C6F9002E601C /* Prato.m */; };
		84425DC71829C6F9002E601C /* Empresa.m in Sources */ = {isa = PBXBuildFile; fileRef = 84425DC61829C6F9002E601C /* Empresa.m */; };
		84425DCA1829C6F9002E601C /* Colaborador.m in Sources */ = {isa = PBXBuildFile; fileRef = 84425DC91829C6F9002E601C /* Colaborador.m */; };
		8460D8511825DC23009C9324 /* ColaboradorParser.m in Sources */ = {isa = PBXBuildFile; fileRef = 8460D8501825DC23009C9324 /* ColaboradorParser.m */; };
/* End PBXBuildFile section */

/* Begin PBXContainerItemProxy section */
		8368DFDE180CB93D0065B993 /* PBXContainerItemProxy */ = {
			isa = PBXContainerItemProxy;
			containerPortal = 8368DFAD180CB93D0065B993 /* Project object */;
			proxyType = 1;
			remoteGlobalIDString = 8368DFB4180CB93D0065B993;
			remoteInfo = cardapio;
		};
/* End PBXContainerItemProxy section */

/* Begin PBXFileReference section */
		8300DDA81812E8BD00A3B342 /* PratoParser.h */ = {isa = PBXFileReference; fileEncoding = 4; lastKnownFileType = sourcecode.c.h; path = PratoParser.h; sourceTree = "<group>"; };
		8300DDA91812E8BD00A3B342 /* PratoParser.m */ = {isa = PBXFileReference; fileEncoding = 4; lastKnownFileType = sourcecode.c.objc; path = PratoParser.m; sourceTree = "<group>"; };
		835507B5181370C100AC7F70 /* AvaliacaoParser.h */ = {isa = PBXFileReference; fileEncoding = 4; lastKnownFileType = sourcecode.c.h; path = AvaliacaoParser.h; sourceTree = "<group>"; };
		835507B6181370C100AC7F70 /* AvaliacaoParser.m */ = {isa = PBXFileReference; fileEncoding = 4; lastKnownFileType = sourcecode.c.objc; path = AvaliacaoParser.m; sourceTree = "<group>"; };
		8368DFB5180CB93D0065B993 /* cardapio.app */ = {isa = PBXFileReference; explicitFileType = wrapper.application; includeInIndex = 0; path = cardapio.app; sourceTree = BUILT_PRODUCTS_DIR; };
		8368DFB8180CB93D0065B993 /* Foundation.framework */ = {isa = PBXFileReference; lastKnownFileType = wrapper.framework; name = Foundation.framework; path = System/Library/Frameworks/Foundation.framework; sourceTree = SDKROOT; };
		8368DFBA180CB93D0065B993 /* CoreGraphics.framework */ = {isa = PBXFileReference; lastKnownFileType = wrapper.framework; name = CoreGraphics.framework; path = System/Library/Frameworks/CoreGraphics.framework; sourceTree = SDKROOT; };
		8368DFBC180CB93D0065B993 /* UIKit.framework */ = {isa = PBXFileReference; lastKnownFileType = wrapper.framework; name = UIKit.framework; path = System/Library/Frameworks/UIKit.framework; sourceTree = SDKROOT; };
		8368DFC0180CB93D0065B993 /* cardapio-Info.plist */ = {isa = PBXFileReference; lastKnownFileType = text.plist.xml; path = "cardapio-Info.plist"; sourceTree = "<group>"; };
		8368DFC2180CB93D0065B993 /* en */ = {isa = PBXFileReference; lastKnownFileType = text.plist.strings; name = en; path = en.lproj/InfoPlist.strings; sourceTree = "<group>"; };
		8368DFC4180CB93D0065B993 /* main.m */ = {isa = PBXFileReference; lastKnownFileType = sourcecode.c.objc; path = main.m; sourceTree = "<group>"; };
		8368DFC6180CB93D0065B993 /* cardapio-Prefix.pch */ = {isa = PBXFileReference; lastKnownFileType = sourcecode.c.h; path = "cardapio-Prefix.pch"; sourceTree = "<group>"; };
		8368DFC7180CB93D0065B993 /* AppDelegate.h */ = {isa = PBXFileReference; lastKnownFileType = sourcecode.c.h; path = AppDelegate.h; sourceTree = "<group>"; };
		8368DFC8180CB93D0065B993 /* AppDelegate.m */ = {isa = PBXFileReference; lastKnownFileType = sourcecode.c.objc; path = AppDelegate.m; sourceTree = "<group>"; };
		8368DFCB180CB93D0065B993 /* Base */ = {isa = PBXFileReference; lastKnownFileType = file.storyboard; name = Base; path = Base.lproj/iPhone.storyboard; sourceTree = "<group>"; };
		8368DFD3180CB93D0065B993 /* Images.xcassets */ = {isa = PBXFileReference; lastKnownFileType = folder.assetcatalog; path = Images.xcassets; sourceTree = "<group>"; };
		8368DFD9180CB93D0065B993 /* cardapioTests.xctest */ = {isa = PBXFileReference; explicitFileType = wrapper.cfbundle; includeInIndex = 0; path = cardapioTests.xctest; sourceTree = BUILT_PRODUCTS_DIR; };
		8368DFDA180CB93D0065B993 /* XCTest.framework */ = {isa = PBXFileReference; lastKnownFileType = wrapper.framework; name = XCTest.framework; path = Library/Frameworks/XCTest.framework; sourceTree = DEVELOPER_DIR; };
		8368DFE2180CB93D0065B993 /* cardapioTests-Info.plist */ = {isa = PBXFileReference; lastKnownFileType = text.plist.xml; path = "cardapioTests-Info.plist"; sourceTree = "<group>"; };
		8368DFE4180CB93E0065B993 /* en */ = {isa = PBXFileReference; lastKnownFileType = text.plist.strings; name = en; path = en.lproj/InfoPlist.strings; sourceTree = "<group>"; };
		8368DFE6180CB93E0065B993 /* cardapioTests.m */ = {isa = PBXFileReference; lastKnownFileType = sourcecode.c.objc; path = cardapioTests.m; sourceTree = "<group>"; };
		8368DFF1180CBA280065B993 /* logo.png */ = {isa = PBXFileReference; lastKnownFileType = image.png; path = logo.png; sourceTree = "<group>"; };
		8368DFF2180CBA280065B993 /* prato.jpg */ = {isa = PBXFileReference; lastKnownFileType = image.jpeg; path = prato.jpg; sourceTree = "<group>"; };
		8368DFF3180CBA280065B993 /* star1.png */ = {isa = PBXFileReference; lastKnownFileType = image.png; path = star1.png; sourceTree = "<group>"; };
		8368DFF4180CBA280065B993 /* star2.png */ = {isa = PBXFileReference; lastKnownFileType = image.png; path = star2.png; sourceTree = "<group>"; };
		8368DFF5180CBA280065B993 /* zoom.png */ = {isa = PBXFileReference; lastKnownFileType = image.png; path = zoom.png; sourceTree = "<group>"; };
		83CA791C1812FF4A00EA26EA /* MKAnnotationView+WebCache.h */ = {isa = PBXFileReference; fileEncoding = 4; lastKnownFileType = sourcecode.c.h; path = "MKAnnotationView+WebCache.h"; sourceTree = "<group>"; };
		83CA791D1812FF4A00EA26EA /* MKAnnotationView+WebCache.m */ = {isa = PBXFileReference; fileEncoding = 4; lastKnownFileType = sourcecode.c.objc; path = "MKAnnotationView+WebCache.m"; sourceTree = "<group>"; };
		83CA791E1812FF4A00EA26EA /* NSData+GIF.h */ = {isa = PBXFileReference; fileEncoding = 4; lastKnownFileType = sourcecode.c.h; path = "NSData+GIF.h"; sourceTree = "<group>"; };
		83CA791F1812FF4A00EA26EA /* NSData+GIF.m */ = {isa = PBXFileReference; fileEncoding = 4; lastKnownFileType = sourcecode.c.objc; path = "NSData+GIF.m"; sourceTree = "<group>"; };
		83CA79201812FF4A00EA26EA /* SDImageCache.h */ = {isa = PBXFileReference; fileEncoding = 4; lastKnownFileType = sourcecode.c.h; path = SDImageCache.h; sourceTree = "<group>"; };
		83CA79211812FF4A00EA26EA /* SDImageCache.m */ = {isa = PBXFileReference; fileEncoding = 4; lastKnownFileType = sourcecode.c.objc; path = SDImageCache.m; sourceTree = "<group>"; };
		83CA79221812FF4A00EA26EA /* SDWebImageCompat.h */ = {isa = PBXFileReference; fileEncoding = 4; lastKnownFileType = sourcecode.c.h; path = SDWebImageCompat.h; sourceTree = "<group>"; };
		83CA79231812FF4A00EA26EA /* SDWebImageCompat.m */ = {isa = PBXFileReference; fileEncoding = 4; lastKnownFileType = sourcecode.c.objc; path = SDWebImageCompat.m; sourceTree = "<group>"; };
		83CA79241812FF4A00EA26EA /* SDWebImageDecoder.h */ = {isa = PBXFileReference; fileEncoding = 4; lastKnownFileType = sourcecode.c.h; path = SDWebImageDecoder.h; sourceTree = "<group>"; };
		83CA79251812FF4A00EA26EA /* SDWebImageDecoder.m */ = {isa = PBXFileReference; fileEncoding = 4; lastKnownFileType = sourcecode.c.objc; path = SDWebImageDecoder.m; sourceTree = "<group>"; };
		83CA79261812FF4A00EA26EA /* SDWebImageDownloader.h */ = {isa = PBXFileReference; fileEncoding = 4; lastKnownFileType = sourcecode.c.h; path = SDWebImageDownloader.h; sourceTree = "<group>"; };
		83CA79271812FF4A00EA26EA /* SDWebImageDownloader.m */ = {isa = PBXFileReference; fileEncoding = 4; lastKnownFileType = sourcecode.c.objc; path = SDWebImageDownloader.m; sourceTree = "<group>"; };
		83CA79281812FF4A00EA26EA /* SDWebImageDownloaderOperation.h */ = {isa = PBXFileReference; fileEncoding = 4; lastKnownFileType = sourcecode.c.h; path = SDWebImageDownloaderOperation.h; sourceTree = "<group>"; };
		83CA79291812FF4A00EA26EA /* SDWebImageDownloaderOperation.m */ = {isa = PBXFileReference; fileEncoding = 4; lastKnownFileType = sourcecode.c.objc; path = SDWebImageDownloaderOperation.m; sourceTree = "<group>"; };
		83CA792A1812FF4A00EA26EA /* SDWebImageManager.h */ = {isa = PBXFileReference; fileEncoding = 4; lastKnownFileType = sourcecode.c.h; path = SDWebImageManager.h; sourceTree = "<group>"; };
		83CA792B1812FF4A00EA26EA /* SDWebImageManager.m */ = {isa = PBXFileReference; fileEncoding = 4; lastKnownFileType = sourcecode.c.objc; path = SDWebImageManager.m; sourceTree = "<group>"; };
		83CA792C1812FF4A00EA26EA /* SDWebImageOperation.h */ = {isa = PBXFileReference; fileEncoding = 4; lastKnownFileType = sourcecode.c.h; path = SDWebImageOperation.h; sourceTree = "<group>"; };
		83CA792D1812FF4A00EA26EA /* SDWebImagePrefetcher.h */ = {isa = PBXFileReference; fileEncoding = 4; lastKnownFileType = sourcecode.c.h; path = SDWebImagePrefetcher.h; sourceTree = "<group>"; };
		83CA792E1812FF4A00EA26EA /* SDWebImagePrefetcher.m */ = {isa = PBXFileReference; fileEncoding = 4; lastKnownFileType = sourcecode.c.objc; path = SDWebImagePrefetcher.m; sourceTree = "<group>"; };
		83CA792F1812FF4A00EA26EA /* UIButton+WebCache.h */ = {isa = PBXFileReference; fileEncoding = 4; lastKnownFileType = sourcecode.c.h; path = "UIButton+WebCache.h"; sourceTree = "<group>"; };
		83CA79301812FF4A00EA26EA /* UIButton+WebCache.m */ = {isa = PBXFileReference; fileEncoding = 4; lastKnownFileType = sourcecode.c.objc; path = "UIButton+WebCache.m"; sourceTree = "<group>"; };
		83CA79311812FF4A00EA26EA /* UIImage+GIF.h */ = {isa = PBXFileReference; fileEncoding = 4; lastKnownFileType = sourcecode.c.h; path = "UIImage+GIF.h"; sourceTree = "<group>"; };
		83CA79321812FF4A00EA26EA /* UIImage+GIF.m */ = {isa = PBXFileReference; fileEncoding = 4; lastKnownFileType = sourcecode.c.objc; path = "UIImage+GIF.m"; sourceTree = "<group>"; };
		83CA79331812FF4A00EA26EA /* UIImage+MultiFormat.h */ = {isa = PBXFileReference; fileEncoding = 4; lastKnownFileType = sourcecode.c.h; path = "UIImage+MultiFormat.h"; sourceTree = "<group>"; };
		83CA79341812FF4A00EA26EA /* UIImage+MultiFormat.m */ = {isa = PBXFileReference; fileEncoding = 4; lastKnownFileType = sourcecode.c.objc; path = "UIImage+MultiFormat.m"; sourceTree = "<group>"; };
		83CA79351812FF4A00EA26EA /* UIImage+WebP.h */ = {isa = PBXFileReference; fileEncoding = 4; lastKnownFileType = sourcecode.c.h; path = "UIImage+WebP.h"; sourceTree = "<group>"; };
		83CA79361812FF4A00EA26EA /* UIImage+WebP.m */ = {isa = PBXFileReference; fileEncoding = 4; lastKnownFileType = sourcecode.c.objc; path = "UIImage+WebP.m"; sourceTree = "<group>"; };
		83CA79371812FF4A00EA26EA /* UIImageView+WebCache.h */ = {isa = PBXFileReference; fileEncoding = 4; lastKnownFileType = sourcecode.c.h; path = "UIImageView+WebCache.h"; sourceTree = "<group>"; };
		83CA79381812FF4A00EA26EA /* UIImageView+WebCache.m */ = {isa = PBXFileReference; fileEncoding = 4; lastKnownFileType = sourcecode.c.objc; path = "UIImageView+WebCache.m"; sourceTree = "<group>"; };
		83CA79471813011400EA26EA /* file.jpg */ = {isa = PBXFileReference; lastKnownFileType = image.jpeg; path = file.jpg; sourceTree = "<group>"; };
		83CA7949181305D800EA26EA /* d_agua.png */ = {isa = PBXFileReference; lastKnownFileType = image.png; path = d_agua.png; sourceTree = "<group>"; };
		83FA9337180CC398005DB9DD /* food.png */ = {isa = PBXFileReference; lastKnownFileType = image.png; path = food.png; sourceTree = "<group>"; };
		83FA933D180CCBDA005DB9DD /* rating.png */ = {isa = PBXFileReference; lastKnownFileType = image.png; path = rating.png; sourceTree = "<group>"; };
		83FA933F180CD121005DB9DD /* star3.png */ = {isa = PBXFileReference; lastKnownFileType = image.png; path = star3.png; sourceTree = "<group>"; };
		83FA9340180CD121005DB9DD /* star4.png */ = {isa = PBXFileReference; lastKnownFileType = image.png; path = star4.png; sourceTree = "<group>"; };
		83FA9343180CD4E5005DB9DD /* prato-02.jpg */ = {isa = PBXFileReference; lastKnownFileType = image.jpeg; path = "prato-02.jpg"; sourceTree = "<group>"; };
		83FA9347180CDFC6005DB9DD /* PratoDiaController.h */ = {isa = PBXFileReference; fileEncoding = 4; lastKnownFileType = sourcecode.c.h; path = PratoDiaController.h; sourceTree = "<group>"; };
		83FA9348180CDFC6005DB9DD /* PratoDiaController.m */ = {isa = PBXFileReference; fileEncoding = 4; lastKnownFileType = sourcecode.c.objc; path = PratoDiaController.m; sourceTree = "<group>"; };
		83FA934A180CE220005DB9DD /* AvaliacaoController.h */ = {isa = PBXFileReference; fileEncoding = 4; lastKnownFileType = sourcecode.c.h; path = AvaliacaoController.h; sourceTree = "<group>"; };
		83FA934B180CE220005DB9DD /* AvaliacaoController.m */ = {isa = PBXFileReference; fileEncoding = 4; lastKnownFileType = sourcecode.c.objc; path = AvaliacaoController.m; sourceTree = "<group>"; };
		83FA934D180CE837005DB9DD /* picture.png */ = {isa = PBXFileReference; lastKnownFileType = image.png; path = picture.png; sourceTree = "<group>"; };
		83FA9350180CF73D005DB9DD /* Base */ = {isa = PBXFileReference; lastKnownFileType = file.storyboard; name = Base; path = Base.lproj/iPad.storyboard; sourceTree = "<group>"; };
		83FA9352180F62AF005DB9DD /* CoreData.framework */ = {isa = PBXFileReference; lastKnownFileType = wrapper.framework; name = CoreData.framework; path = System/Library/Frameworks/CoreData.framework; sourceTree = SDKROOT; };
		83FA9355180F62D6005DB9DD /* cardapio.xcdatamodel */ = {isa = PBXFileReference; lastKnownFileType = wrapper.xcdatamodel; path = cardapio.xcdatamodel; sourceTree = "<group>"; };
		83FB81691810DC6A00C8F1CD /* AvaliacaoDB.h */ = {isa = PBXFileReference; fileEncoding = 4; lastKnownFileType = sourcecode.c.h; path = AvaliacaoDB.h; sourceTree = "<group>"; };
		83FB816A1810DC6A00C8F1CD /* AvaliacaoDB.m */ = {isa = PBXFileReference; fileEncoding = 4; lastKnownFileType = sourcecode.c.objc; path = AvaliacaoDB.m; sourceTree = "<group>"; };
		83FB816C1810EAF700C8F1CD /* backgroundStar.png */ = {isa = PBXFileReference; lastKnownFileType = image.png; path = backgroundStar.png; sourceTree = "<group>"; };
		83FB816D1810EAF700C8F1CD /* backgroundStar@2x.png */ = {isa = PBXFileReference; lastKnownFileType = image.png; path = "backgroundStar@2x.png"; sourceTree = "<group>"; };
		83FB816E1810EAF700C8F1CD /* foregroundStar.png */ = {isa = PBXFileReference; lastKnownFileType = image.png; path = foregroundStar.png; sourceTree = "<group>"; };
		83FB816F1810EAF700C8F1CD /* foregroundStar@2x.png */ = {isa = PBXFileReference; lastKnownFileType = image.png; path = "foregroundStar@2x.png"; sourceTree = "<group>"; };
		83FB81741810EB1B00C8F1CD /* TQStarRatingView.h */ = {isa = PBXFileReference; fileEncoding = 4; lastKnownFileType = sourcecode.c.h; path = TQStarRatingView.h; sourceTree = "<group>"; };
		83FB81751810EB1B00C8F1CD /* TQStarRatingView.m */ = {isa = PBXFileReference; fileEncoding = 4; lastKnownFileType = sourcecode.c.objc; path = TQStarRatingView.m; sourceTree = "<group>"; };
		83FB81781811F7F800C8F1CD /* AcessoController.h */ = {isa = PBXFileReference; fileEncoding = 4; lastKnownFileType = sourcecode.c.h; path = AcessoController.h; sourceTree = "<group>"; };
		83FB81791811F7F800C8F1CD /* AcessoController.m */ = {isa = PBXFileReference; fileEncoding = 4; lastKnownFileType = sourcecode.c.objc; path = AcessoController.m; sourceTree = "<group>"; };
		83FB817F1811F8E100C8F1CD /* UsuarioParser.h */ = {isa = PBXFileReference; fileEncoding = 4; lastKnownFileType = sourcecode.c.h; path = UsuarioParser.h; sourceTree = "<group>"; };
		83FB81801811F8E100C8F1CD /* UsuarioParser.m */ = {isa = PBXFileReference; fileEncoding = 4; lastKnownFileType = sourcecode.c.objc; path = UsuarioParser.m; sourceTree = "<group>"; };
		83FB818218120DC900C8F1CD /* ColaboradorDB.h */ = {isa = PBXFileReference; fileEncoding = 4; lastKnownFileType = sourcecode.c.h; path = ColaboradorDB.h; sourceTree = "<group>"; };
		83FB818318120DC900C8F1CD /* ColaboradorDB.m */ = {isa = PBXFileReference; fileEncoding = 4; lastKnownFileType = sourcecode.c.objc; path = ColaboradorDB.m; sourceTree = "<group>"; };
		84425DBF1829C6F9002E601C /* Avaliacao.h */ = {isa = PBXFileReference; fileEncoding = 4; lastKnownFileType = sourcecode.c.h; path = Avaliacao.h; sourceTree = "<group>"; };
		84425DC01829C6F9002E601C /* Avaliacao.m */ = {isa = PBXFileReference; fileEncoding = 4; lastKnownFileType = sourcecode.c.objc; path = Avaliacao.m; sourceTree = "<group>"; };
		84425DC21829C6F9002E601C /* Prato.h */ = {isa = PBXFileReference; fileEncoding = 4; lastKnownFileType = sourcecode.c.h; path = Prato.h; sourceTree = "<group>"; };
		84425DC31829C6F9002E601C /* Prato.m */ = {isa = PBXFileReference; fileEncoding = 4; lastKnownFileType = sourcecode.c.objc; path = Prato.m; sourceTree = "<group>"; };
		84425DC51829C6F9002E601C /* Empresa.h */ = {isa = PBXFileReference; fileEncoding = 4; lastKnownFileType = sourcecode.c.h; path = Empresa.h; sourceTree = "<group>"; };
		84425DC61829C6F9002E601C /* Empresa.m */ = {isa = PBXFileReference; fileEncoding = 4; lastKnownFileType = sourcecode.c.objc; path = Empresa.m; sourceTree = "<group>"; };
		84425DC81829C6F9002E601C /* Colaborador.h */ = {isa = PBXFileReference; fileEncoding = 4; lastKnownFileType = sourcecode.c.h; path = Colaborador.h; sourceTree = "<group>"; };
		84425DC91829C6F9002E601C /* Colaborador.m */ = {isa = PBXFileReference; fileEncoding = 4; lastKnownFileType = sourcecode.c.objc; path = Colaborador.m; sourceTree = "<group>"; };
		8460D84F1825DC23009C9324 /* ColaboradorParser.h */ = {isa = PBXFileReference; fileEncoding = 4; lastKnownFileType = sourcecode.c.h; path = ColaboradorParser.h; sourceTree = "<group>"; };
		8460D8501825DC23009C9324 /* ColaboradorParser.m */ = {isa = PBXFileReference; fileEncoding = 4; lastKnownFileType = sourcecode.c.objc; path = ColaboradorParser.m; sourceTree = "<group>"; };
/* End PBXFileReference section */

/* Begin PBXFrameworksBuildPhase section */
		8368DFB2180CB93D0065B993 /* Frameworks */ = {
			isa = PBXFrameworksBuildPhase;
			buildActionMask = 2147483647;
			files = (
				83FA9353180F62AF005DB9DD /* CoreData.framework in Frameworks */,
				8368DFBB180CB93D0065B993 /* CoreGraphics.framework in Frameworks */,
				8368DFBD180CB93D0065B993 /* UIKit.framework in Frameworks */,
				8368DFB9180CB93D0065B993 /* Foundation.framework in Frameworks */,
			);
			runOnlyForDeploymentPostprocessing = 0;
		};
		8368DFD6180CB93D0065B993 /* Frameworks */ = {
			isa = PBXFrameworksBuildPhase;
			buildActionMask = 2147483647;
			files = (
				8368DFDB180CB93D0065B993 /* XCTest.framework in Frameworks */,
				8368DFDD180CB93D0065B993 /* UIKit.framework in Frameworks */,
				8368DFDC180CB93D0065B993 /* Foundation.framework in Frameworks */,
			);
			runOnlyForDeploymentPostprocessing = 0;
		};
/* End PBXFrameworksBuildPhase section */

/* Begin PBXGroup section */
		8300DD9E1812C40500A3B342 /* DB */ = {
			isa = PBXGroup;
			children = (
				83FB81691810DC6A00C8F1CD /* AvaliacaoDB.h */,
				83FB816A1810DC6A00C8F1CD /* AvaliacaoDB.m */,
				83FB818218120DC900C8F1CD /* ColaboradorDB.h */,
				83FB818318120DC900C8F1CD /* ColaboradorDB.m */,
			);
			name = DB;
			sourceTree = "<group>";
		};
		8368DFAC180CB93D0065B993 = {
			isa = PBXGroup;
			children = (
				83FB817B1811F80200C8F1CD /* HTTP */,
				8368DFBE180CB93D0065B993 /* cardapio */,
				8368DFE0180CB93D0065B993 /* cardapioTests */,
				8368DFB7180CB93D0065B993 /* Frameworks */,
				8368DFB6180CB93D0065B993 /* Products */,
			);
			sourceTree = "<group>";
		};
		8368DFB6180CB93D0065B993 /* Products */ = {
			isa = PBXGroup;
			children = (
				8368DFB5180CB93D0065B993 /* cardapio.app */,
				8368DFD9180CB93D0065B993 /* cardapioTests.xctest */,
			);
			name = Products;
			sourceTree = "<group>";
		};
		8368DFB7180CB93D0065B993 /* Frameworks */ = {
			isa = PBXGroup;
			children = (
				83FA9352180F62AF005DB9DD /* CoreData.framework */,
				8368DFB8180CB93D0065B993 /* Foundation.framework */,
				8368DFBA180CB93D0065B993 /* CoreGraphics.framework */,
				8368DFBC180CB93D0065B993 /* UIKit.framework */,
				8368DFDA180CB93D0065B993 /* XCTest.framework */,
			);
			name = Frameworks;
			sourceTree = "<group>";
		};
		8368DFBE180CB93D0065B993 /* cardapio */ = {
			isa = PBXGroup;
			children = (
				83CA791B1812FF1100EA26EA /* SDWebImage */,
				83FB81771810EB2000C8F1CD /* StarRating */,
				83FA9360180F68F4005DB9DD /* Model */,
				83FA9346180CDE8A005DB9DD /* StoreBoard */,
				83FA9345180CDE38005DB9DD /* UI */,
				8368DFF0180CB95B0065B993 /* Image */,
				8368DFC7180CB93D0065B993 /* AppDelegate.h */,
				8368DFC8180CB93D0065B993 /* AppDelegate.m */,
				8368DFD3180CB93D0065B993 /* Images.xcassets */,
				8368DFBF180CB93D0065B993 /* Supporting Files */,
			);
			path = cardapio;
			sourceTree = "<group>";
		};
		8368DFBF180CB93D0065B993 /* Supporting Files */ = {
			isa = PBXGroup;
			children = (
				8368DFC0180CB93D0065B993 /* cardapio-Info.plist */,
				8368DFC1180CB93D0065B993 /* InfoPlist.strings */,
				8368DFC4180CB93D0065B993 /* main.m */,
				8368DFC6180CB93D0065B993 /* cardapio-Prefix.pch */,
			);
			name = "Supporting Files";
			sourceTree = "<group>";
		};
		8368DFE0180CB93D0065B993 /* cardapioTests */ = {
			isa = PBXGroup;
			children = (
				8368DFE6180CB93E0065B993 /* cardapioTests.m */,
				8368DFE1180CB93D0065B993 /* Supporting Files */,
			);
			path = cardapioTests;
			sourceTree = "<group>";
		};
		8368DFE1180CB93D0065B993 /* Supporting Files */ = {
			isa = PBXGroup;
			children = (
				8368DFE2180CB93D0065B993 /* cardapioTests-Info.plist */,
				8368DFE3180CB93D0065B993 /* InfoPlist.strings */,
			);
			name = "Supporting Files";
			sourceTree = "<group>";
		};
		8368DFF0180CB95B0065B993 /* Image */ = {
			isa = PBXGroup;
			children = (
				83CA7949181305D800EA26EA /* d_agua.png */,
				83CA79471813011400EA26EA /* file.jpg */,
				83FB816C1810EAF700C8F1CD /* backgroundStar.png */,
				83FB816D1810EAF700C8F1CD /* backgroundStar@2x.png */,
				83FB816E1810EAF700C8F1CD /* foregroundStar.png */,
				83FB816F1810EAF700C8F1CD /* foregroundStar@2x.png */,
				83FA934D180CE837005DB9DD /* picture.png */,
				83FA9343180CD4E5005DB9DD /* prato-02.jpg */,
				83FA933F180CD121005DB9DD /* star3.png */,
				83FA9340180CD121005DB9DD /* star4.png */,
				83FA933D180CCBDA005DB9DD /* rating.png */,
				83FA9337180CC398005DB9DD /* food.png */,
				8368DFF1180CBA280065B993 /* logo.png */,
				8368DFF2180CBA280065B993 /* prato.jpg */,
				8368DFF3180CBA280065B993 /* star1.png */,
				8368DFF4180CBA280065B993 /* star2.png */,
				8368DFF5180CBA280065B993 /* zoom.png */,
			);
			name = Image;
			sourceTree = "<group>";
		};
		83CA791B1812FF1100EA26EA /* SDWebImage */ = {
			isa = PBXGroup;
			children = (
				83CA791C1812FF4A00EA26EA /* MKAnnotationView+WebCache.h */,
				83CA791D1812FF4A00EA26EA /* MKAnnotationView+WebCache.m */,
				83CA791E1812FF4A00EA26EA /* NSData+GIF.h */,
				83CA791F1812FF4A00EA26EA /* NSData+GIF.m */,
				83CA79201812FF4A00EA26EA /* SDImageCache.h */,
				83CA79211812FF4A00EA26EA /* SDImageCache.m */,
				83CA79221812FF4A00EA26EA /* SDWebImageCompat.h */,
				83CA79231812FF4A00EA26EA /* SDWebImageCompat.m */,
				83CA79241812FF4A00EA26EA /* SDWebImageDecoder.h */,
				83CA79251812FF4A00EA26EA /* SDWebImageDecoder.m */,
				83CA79261812FF4A00EA26EA /* SDWebImageDownloader.h */,
				83CA79271812FF4A00EA26EA /* SDWebImageDownloader.m */,
				83CA79281812FF4A00EA26EA /* SDWebImageDownloaderOperation.h */,
				83CA79291812FF4A00EA26EA /* SDWebImageDownloaderOperation.m */,
				83CA792A1812FF4A00EA26EA /* SDWebImageManager.h */,
				83CA792B1812FF4A00EA26EA /* SDWebImageManager.m */,
				83CA792C1812FF4A00EA26EA /* SDWebImageOperation.h */,
				83CA792D1812FF4A00EA26EA /* SDWebImagePrefetcher.h */,
				83CA792E1812FF4A00EA26EA /* SDWebImagePrefetcher.m */,
				83CA792F1812FF4A00EA26EA /* UIButton+WebCache.h */,
				83CA79301812FF4A00EA26EA /* UIButton+WebCache.m */,
				83CA79311812FF4A00EA26EA /* UIImage+GIF.h */,
				83CA79321812FF4A00EA26EA /* UIImage+GIF.m */,
				83CA79331812FF4A00EA26EA /* UIImage+MultiFormat.h */,
				83CA79341812FF4A00EA26EA /* UIImage+MultiFormat.m */,
				83CA79351812FF4A00EA26EA /* UIImage+WebP.h */,
				83CA79361812FF4A00EA26EA /* UIImage+WebP.m */,
				83CA79371812FF4A00EA26EA /* UIImageView+WebCache.h */,
				83CA79381812FF4A00EA26EA /* UIImageView+WebCache.m */,
			);
			name = SDWebImage;
			sourceTree = "<group>";
		};
		83FA9345180CDE38005DB9DD /* UI */ = {
			isa = PBXGroup;
			children = (
				83FA9347180CDFC6005DB9DD /* PratoDiaController.h */,
				83FA9348180CDFC6005DB9DD /* PratoDiaController.m */,
				83FA934A180CE220005DB9DD /* AvaliacaoController.h */,
				83FA934B180CE220005DB9DD /* AvaliacaoController.m */,
				83FB81781811F7F800C8F1CD /* AcessoController.h */,
				83FB81791811F7F800C8F1CD /* AcessoController.m */,
			);
			name = UI;
			sourceTree = "<group>";
		};
		83FA9346180CDE8A005DB9DD /* StoreBoard */ = {
			isa = PBXGroup;
			children = (
				83FA934F180CF73D005DB9DD /* iPad.storyboard */,
				8368DFCA180CB93D0065B993 /* iPhone.storyboard */,
			);
			name = StoreBoard;
			sourceTree = "<group>";
		};
		83FA9360180F68F4005DB9DD /* Model */ = {
			isa = PBXGroup;
			children = (
				8460D8821825E13C009C9324 /* Class */,
				8300DD9E1812C40500A3B342 /* DB */,
				83FA9354180F62D6005DB9DD /* cardapio.xcdatamodeld */,
			);
			name = Model;
			sourceTree = "<group>";
		};
		83FB81771810EB2000C8F1CD /* StarRating */ = {
			isa = PBXGroup;
			children = (
				83FB81741810EB1B00C8F1CD /* TQStarRatingView.h */,
				83FB81751810EB1B00C8F1CD /* TQStarRatingView.m */,
			);
			name = StarRating;
			sourceTree = "<group>";
		};
		83FB817B1811F80200C8F1CD /* HTTP */ = {
			isa = PBXGroup;
			children = (
				83FB817F1811F8E100C8F1CD /* UsuarioParser.h */,
				83FB81801811F8E100C8F1CD /* UsuarioParser.m */,
				8300DDA81812E8BD00A3B342 /* PratoParser.h */,
				8300DDA91812E8BD00A3B342 /* PratoParser.m */,
				835507B5181370C100AC7F70 /* AvaliacaoParser.h */,
				835507B6181370C100AC7F70 /* AvaliacaoParser.m */,
				8460D84F1825DC23009C9324 /* ColaboradorParser.h */,
				8460D8501825DC23009C9324 /* ColaboradorParser.m */,
			);
			name = HTTP;
			sourceTree = "<group>";
		};
		8460D8821825E13C009C9324 /* Class */ = {
			isa = PBXGroup;
			children = (
				84425DC81829C6F9002E601C /* Colaborador.h */,
				84425DC91829C6F9002E601C /* Colaborador.m */,
				84425DC51829C6F9002E601C /* Empresa.h */,
				84425DC61829C6F9002E601C /* Empresa.m */,
				84425DC21829C6F9002E601C /* Prato.h */,
				84425DC31829C6F9002E601C /* Prato.m */,
				84425DBF1829C6F9002E601C /* Avaliacao.h */,
				84425DC01829C6F9002E601C /* Avaliacao.m */,
			);
			name = Class;
			sourceTree = "<group>";
		};
/* End PBXGroup section */

/* Begin PBXNativeTarget section */
		8368DFB4180CB93D0065B993 /* cardapio */ = {
			isa = PBXNativeTarget;
			buildConfigurationList = 8368DFEA180CB93E0065B993 /* Build configuration list for PBXNativeTarget "cardapio" */;
			buildPhases = (
				8368DFB1180CB93D0065B993 /* Sources */,
				8368DFB2180CB93D0065B993 /* Frameworks */,
				8368DFB3180CB93D0065B993 /* Resources */,
			);
			buildRules = (
			);
			dependencies = (
			);
			name = cardapio;
			productName = cardapio;
			productReference = 8368DFB5180CB93D0065B993 /* cardapio.app */;
			productType = "com.apple.product-type.application";
		};
		8368DFD8180CB93D0065B993 /* cardapioTests */ = {
			isa = PBXNativeTarget;
			buildConfigurationList = 8368DFED180CB93E0065B993 /* Build configuration list for PBXNativeTarget "cardapioTests" */;
			buildPhases = (
				8368DFD5180CB93D0065B993 /* Sources */,
				8368DFD6180CB93D0065B993 /* Frameworks */,
				8368DFD7180CB93D0065B993 /* Resources */,
			);
			buildRules = (
			);
			dependencies = (
				8368DFDF180CB93D0065B993 /* PBXTargetDependency */,
			);
			name = cardapioTests;
			productName = cardapioTests;
			productReference = 8368DFD9180CB93D0065B993 /* cardapioTests.xctest */;
			productType = "com.apple.product-type.bundle.unit-test";
		};
/* End PBXNativeTarget section */

/* Begin PBXProject section */
		8368DFAD180CB93D0065B993 /* Project object */ = {
			isa = PBXProject;
			attributes = {
				LastUpgradeCheck = 0500;
				ORGANIZATIONNAME = fivebits;
				TargetAttributes = {
					8368DFB4180CB93D0065B993 = {
						DevelopmentTeam = GA2JT7CVGE;
					};
					8368DFD8180CB93D0065B993 = {
						TestTargetID = 8368DFB4180CB93D0065B993;
					};
				};
			};
			buildConfigurationList = 8368DFB0180CB93D0065B993 /* Build configuration list for PBXProject "cardapio" */;
			compatibilityVersion = "Xcode 3.2";
			developmentRegion = English;
			hasScannedForEncodings = 0;
			knownRegions = (
				en,
				Base,
			);
			mainGroup = 8368DFAC180CB93D0065B993;
			productRefGroup = 8368DFB6180CB93D0065B993 /* Products */;
			projectDirPath = "";
			projectRoot = "";
			targets = (
				8368DFB4180CB93D0065B993 /* cardapio */,
				8368DFD8180CB93D0065B993 /* cardapioTests */,
			);
		};
/* End PBXProject section */

/* Begin PBXResourcesBuildPhase section */
		8368DFB3180CB93D0065B993 /* Resources */ = {
			isa = PBXResourcesBuildPhase;
			buildActionMask = 2147483647;
			files = (
				8368DFF9180CBA280065B993 /* star2.png in Resources */,
				83FA9341180CD121005DB9DD /* star3.png in Resources */,
				83FA9344180CD4E5005DB9DD /* prato-02.jpg in Resources */,
				83FA933E180CCBDA005DB9DD /* rating.png in Resources */,
				83FA9338180CC398005DB9DD /* food.png in Resources */,
				83CA794A181305D800EA26EA /* d_agua.png in Resources */,
				83FA9342180CD121005DB9DD /* star4.png in Resources */,
				8368DFFA180CBA280065B993 /* zoom.png in Resources */,
				8368DFF6180CBA280065B993 /* logo.png in Resources */,
				8368DFF7180CBA280065B993 /* prato.jpg in Resources */,
				8368DFD4180CB93D0065B993 /* Images.xcassets in Resources */,
				83FA934E180CE837005DB9DD /* picture.png in Resources */,
				83CA79481813011400EA26EA /* file.jpg in Resources */,
				8368DFF8180CBA280065B993 /* star1.png in Resources */,
				8368DFCC180CB93D0065B993 /* iPhone.storyboard in Resources */,
				83FB81731810EAF700C8F1CD /* foregroundStar@2x.png in Resources */,
				83FA9351180CF73D005DB9DD /* iPad.storyboard in Resources */,
				83FB81711810EAF700C8F1CD /* backgroundStar@2x.png in Resources */,
				8368DFC3180CB93D0065B993 /* InfoPlist.strings in Resources */,
				83FB81721810EAF700C8F1CD /* foregroundStar.png in Resources */,
				83FB81701810EAF700C8F1CD /* backgroundStar.png in Resources */,
			);
			runOnlyForDeploymentPostprocessing = 0;
		};
		8368DFD7180CB93D0065B993 /* Resources */ = {
			isa = PBXResourcesBuildPhase;
			buildActionMask = 2147483647;
			files = (
				8368DFE5180CB93E0065B993 /* InfoPlist.strings in Resources */,
			);
			runOnlyForDeploymentPostprocessing = 0;
		};
/* End PBXResourcesBuildPhase section */

/* Begin PBXSourcesBuildPhase section */
		8368DFB1180CB93D0065B993 /* Sources */ = {
			isa = PBXSourcesBuildPhase;
			buildActionMask = 2147483647;
			files = (
				83CA79441812FF4A00EA26EA /* UIImage+MultiFormat.m in Sources */,
				83CA79451812FF4A00EA26EA /* UIImage+WebP.m in Sources */,
				84425DCA1829C6F9002E601C /* Colaborador.m in Sources */,
				8368DFC9180CB93D0065B993 /* AppDelegate.m in Sources */,
				8460D8511825DC23009C9324 /* ColaboradorParser.m in Sources */,
				83CA79401812FF4A00EA26EA /* SDWebImageManager.m in Sources */,
				83FA934C180CE220005DB9DD /* AvaliacaoController.m in Sources */,
				83CA793A1812FF4A00EA26EA /* NSData+GIF.m in Sources */,
				83CA793E1812FF4A00EA26EA /* SDWebImageDownloader.m in Sources */,
				83FA9356180F62D6005DB9DD /* cardapio.xcdatamodeld in Sources */,
				84425DC71829C6F9002E601C /* Empresa.m in Sources */,
				83FB818418120DC900C8F1CD /* ColaboradorDB.m in Sources */,
				83FB817A1811F7F800C8F1CD /* AcessoController.m in Sources */,
				8368DFC5180CB93D0065B993 /* main.m in Sources */,
				8300DDAA1812E8BD00A3B342 /* PratoParser.m in Sources */,
				83CA79391812FF4A00EA26EA /* MKAnnotationView+WebCache.m in Sources */,
				83FB81811811F8E100C8F1CD /* UsuarioParser.m in Sources */,
				83CA79431812FF4A00EA26EA /* UIImage+GIF.m in Sources */,
				83CA79421812FF4A00EA26EA /* UIButton+WebCache.m in Sources */,
				84425DC41829C6F9002E601C /* Prato.m in Sources */,
				83FB81761810EB1B00C8F1CD /* TQStarRatingView.m in Sources */,
				83CA79461812FF4A00EA26EA /* UIImageView+WebCache.m in Sources */,
				84425DC11829C6F9002E601C /* Avaliacao.m in Sources */,
				83CA79411812FF4A00EA26EA /* SDWebImagePrefetcher.m in Sources */,
				835507B7181370C100AC7F70 /* AvaliacaoParser.m in Sources */,
				83CA793D1812FF4A00EA26EA /* SDWebImageDecoder.m in Sources */,
				83CA793B1812FF4A00EA26EA /* SDImageCache.m in Sources */,
				83CA793C1812FF4A00EA26EA /* SDWebImageCompat.m in Sources */,
				83FA9349180CDFC6005DB9DD /* PratoDiaController.m in Sources */,
				83CA793F1812FF4A00EA26EA /* SDWebImageDownloaderOperation.m in Sources */,
				83FB816B1810DC6A00C8F1CD /* AvaliacaoDB.m in Sources */,
			);
			runOnlyForDeploymentPostprocessing = 0;
		};
		8368DFD5180CB93D0065B993 /* Sources */ = {
			isa = PBXSourcesBuildPhase;
			buildActionMask = 2147483647;
			files = (
				8368DFE7180CB93E0065B993 /* cardapioTests.m in Sources */,
			);
			runOnlyForDeploymentPostprocessing = 0;
		};
/* End PBXSourcesBuildPhase section */

/* Begin PBXTargetDependency section */
		8368DFDF180CB93D0065B993 /* PBXTargetDependency */ = {
			isa = PBXTargetDependency;
			target = 8368DFB4180CB93D0065B993 /* cardapio */;
			targetProxy = 8368DFDE180CB93D0065B993 /* PBXContainerItemProxy */;
		};
/* End PBXTargetDependency section */

/* Begin PBXVariantGroup section */
		8368DFC1180CB93D0065B993 /* InfoPlist.strings */ = {
			isa = PBXVariantGroup;
			children = (
				8368DFC2180CB93D0065B993 /* en */,
			);
			name = InfoPlist.strings;
			sourceTree = "<group>";
		};
		8368DFCA180CB93D0065B993 /* iPhone.storyboard */ = {
			isa = PBXVariantGroup;
			children = (
				8368DFCB180CB93D0065B993 /* Base */,
			);
			name = iPhone.storyboard;
			sourceTree = "<group>";
		};
		8368DFE3180CB93D0065B993 /* InfoPlist.strings */ = {
			isa = PBXVariantGroup;
			children = (
				8368DFE4180CB93E0065B993 /* en */,
			);
			name = InfoPlist.strings;
			sourceTree = "<group>";
		};
		83FA934F180CF73D005DB9DD /* iPad.storyboard */ = {
			isa = PBXVariantGroup;
			children = (
				83FA9350180CF73D005DB9DD /* Base */,
			);
			name = iPad.storyboard;
			sourceTree = "<group>";
		};
/* End PBXVariantGroup section */

/* Begin XCBuildConfiguration section */
		8368DFE8180CB93E0065B993 /* Debug */ = {
			isa = XCBuildConfiguration;
			buildSettings = {
				ALWAYS_SEARCH_USER_PATHS = NO;
				ARCHS = "$(ARCHS_STANDARD_INCLUDING_64_BIT)";
				CLANG_CXX_LANGUAGE_STANDARD = "gnu++0x";
				CLANG_CXX_LIBRARY = "libc++";
				CLANG_ENABLE_MODULES = YES;
				CLANG_ENABLE_OBJC_ARC = YES;
				CLANG_WARN_BOOL_CONVERSION = YES;
				CLANG_WARN_CONSTANT_CONVERSION = YES;
				CLANG_WARN_DIRECT_OBJC_ISA_USAGE = YES_ERROR;
				CLANG_WARN_EMPTY_BODY = YES;
				CLANG_WARN_ENUM_CONVERSION = YES;
				CLANG_WARN_INT_CONVERSION = YES;
				CLANG_WARN_OBJC_ROOT_CLASS = YES_ERROR;
				CLANG_WARN__DUPLICATE_METHOD_MATCH = YES;
				"CODE_SIGN_IDENTITY[sdk=iphoneos*]" = "iPhone Developer";
				COPY_PHASE_STRIP = NO;
				GCC_C_LANGUAGE_STANDARD = gnu99;
				GCC_DYNAMIC_NO_PIC = NO;
				GCC_OPTIMIZATION_LEVEL = 0;
				GCC_PREPROCESSOR_DEFINITIONS = (
					"DEBUG=1",
					"$(inherited)",
				);
				GCC_SYMBOLS_PRIVATE_EXTERN = NO;
				GCC_WARN_64_TO_32_BIT_CONVERSION = YES;
				GCC_WARN_ABOUT_RETURN_TYPE = YES_ERROR;
				GCC_WARN_UNDECLARED_SELECTOR = YES;
				GCC_WARN_UNINITIALIZED_AUTOS = YES;
				GCC_WARN_UNUSED_FUNCTION = YES;
				GCC_WARN_UNUSED_VARIABLE = YES;
				IPHONEOS_DEPLOYMENT_TARGET = 7.0;
				ONLY_ACTIVE_ARCH = YES;
				SDKROOT = iphoneos;
				TARGETED_DEVICE_FAMILY = "1,2";
			};
			name = Debug;
		};
		8368DFE9180CB93E0065B993 /* Release */ = {
			isa = XCBuildConfiguration;
			buildSettings = {
				ALWAYS_SEARCH_USER_PATHS = NO;
				ARCHS = "$(ARCHS_STANDARD_INCLUDING_64_BIT)";
				CLANG_CXX_LANGUAGE_STANDARD = "gnu++0x";
				CLANG_CXX_LIBRARY = "libc++";
				CLANG_ENABLE_MODULES = YES;
				CLANG_ENABLE_OBJC_ARC = YES;
				CLANG_WARN_BOOL_CONVERSION = YES;
				CLANG_WARN_CONSTANT_CONVERSION = YES;
				CLANG_WARN_DIRECT_OBJC_ISA_USAGE = YES_ERROR;
				CLANG_WARN_EMPTY_BODY = YES;
				CLANG_WARN_ENUM_CONVERSION = YES;
				CLANG_WARN_INT_CONVERSION = YES;
				CLANG_WARN_OBJC_ROOT_CLASS = YES_ERROR;
				CLANG_WARN__DUPLICATE_METHOD_MATCH = YES;
				"CODE_SIGN_IDENTITY[sdk=iphoneos*]" = "iPhone Developer";
				COPY_PHASE_STRIP = YES;
				ENABLE_NS_ASSERTIONS = NO;
				GCC_C_LANGUAGE_STANDARD = gnu99;
				GCC_WARN_64_TO_32_BIT_CONVERSION = YES;
				GCC_WARN_ABOUT_RETURN_TYPE = YES_ERROR;
				GCC_WARN_UNDECLARED_SELECTOR = YES;
				GCC_WARN_UNINITIALIZED_AUTOS = YES;
				GCC_WARN_UNUSED_FUNCTION = YES;
				GCC_WARN_UNUSED_VARIABLE = YES;
				IPHONEOS_DEPLOYMENT_TARGET = 7.0;
				SDKROOT = iphoneos;
				TARGETED_DEVICE_FAMILY = "1,2";
				VALIDATE_PRODUCT = YES;
			};
			name = Release;
		};
		8368DFEB180CB93E0065B993 /* Debug */ = {
			isa = XCBuildConfiguration;
			buildSettings = {
				ASSETCATALOG_COMPILER_APPICON_NAME = AppIcon;
				ASSETCATALOG_COMPILER_LAUNCHIMAGE_NAME = LaunchImage;
				CODE_SIGN_IDENTITY = "iPhone Developer";
				"CODE_SIGN_IDENTITY[sdk=iphoneos*]" = "iPhone Developer";
				GCC_PRECOMPILE_PREFIX_HEADER = YES;
				GCC_PREFIX_HEADER = "cardapio/cardapio-Prefix.pch";
				INFOPLIST_FILE = "cardapio/cardapio-Info.plist";
				PRODUCT_NAME = "$(TARGET_NAME)";
				PROVISIONING_PROFILE = "";
				WRAPPER_EXTENSION = app;
			};
			name = Debug;
		};
		8368DFEC180CB93E0065B993 /* Release */ = {
			isa = XCBuildConfiguration;
			buildSettings = {
				ASSETCATALOG_COMPILER_APPICON_NAME = AppIcon;
				ASSETCATALOG_COMPILER_LAUNCHIMAGE_NAME = LaunchImage;
				CODE_SIGN_IDENTITY = "iPhone Developer";
				"CODE_SIGN_IDENTITY[sdk=iphoneos*]" = "iPhone Developer";
				GCC_PRECOMPILE_PREFIX_HEADER = YES;
				GCC_PREFIX_HEADER = "cardapio/cardapio-Prefix.pch";
				INFOPLIST_FILE = "cardapio/cardapio-Info.plist";
				PRODUCT_NAME = "$(TARGET_NAME)";
				PROVISIONING_PROFILE = "";
				WRAPPER_EXTENSION = app;
			};
			name = Release;
		};
		8368DFEE180CB93E0065B993 /* Debug */ = {
			isa = XCBuildConfiguration;
			buildSettings = {
				ARCHS = "$(ARCHS_STANDARD_INCLUDING_64_BIT)";
				BUNDLE_LOADER = "$(BUILT_PRODUCTS_DIR)/cardapio.app/cardapio";
				FRAMEWORK_SEARCH_PATHS = (
					"$(SDKROOT)/Developer/Library/Frameworks",
					"$(inherited)",
					"$(DEVELOPER_FRAMEWORKS_DIR)",
				);
				GCC_PRECOMPILE_PREFIX_HEADER = YES;
				GCC_PREFIX_HEADER = "cardapio/cardapio-Prefix.pch";
				GCC_PREPROCESSOR_DEFINITIONS = (
					"DEBUG=1",
					"$(inherited)",
				);
				INFOPLIST_FILE = "cardapioTests/cardapioTests-Info.plist";
				PRODUCT_NAME = "$(TARGET_NAME)";
				TEST_HOST = "$(BUNDLE_LOADER)";
				WRAPPER_EXTENSION = xctest;
			};
			name = Debug;
		};
		8368DFEF180CB93E0065B993 /* Release */ = {
			isa = XCBuildConfiguration;
			buildSettings = {
				ARCHS = "$(ARCHS_STANDARD_INCLUDING_64_BIT)";
				BUNDLE_LOADER = "$(BUILT_PRODUCTS_DIR)/cardapio.app/cardapio";
				FRAMEWORK_SEARCH_PATHS = (
					"$(SDKROOT)/Developer/Library/Frameworks",
					"$(inherited)",
					"$(DEVELOPER_FRAMEWORKS_DIR)",
				);
				GCC_PRECOMPILE_PREFIX_HEADER = YES;
				GCC_PREFIX_HEADER = "cardapio/cardapio-Prefix.pch";
				INFOPLIST_FILE = "cardapioTests/cardapioTests-Info.plist";
				PRODUCT_NAME = "$(TARGET_NAME)";
				TEST_HOST = "$(BUNDLE_LOADER)";
				WRAPPER_EXTENSION = xctest;
			};
			name = Release;
		};
/* End XCBuildConfiguration section */

/* Begin XCConfigurationList section */
		8368DFB0180CB93D0065B993 /* Build configuration list for PBXProject "cardapio" */ = {
			isa = XCConfigurationList;
			buildConfigurations = (
				8368DFE8180CB93E0065B993 /* Debug */,
				8368DFE9180CB93E0065B993 /* Release */,
			);
			defaultConfigurationIsVisible = 0;
			defaultConfigurationName = Release;
		};
		8368DFEA180CB93E0065B993 /* Build configuration list for PBXNativeTarget "cardapio" */ = {
			isa = XCConfigurationList;
			buildConfigurations = (
				8368DFEB180CB93E0065B993 /* Debug */,
				8368DFEC180CB93E0065B993 /* Release */,
			);
			defaultConfigurationIsVisible = 0;
			defaultConfigurationName = Release;
		};
		8368DFED180CB93E0065B993 /* Build configuration list for PBXNativeTarget "cardapioTests" */ = {
			isa = XCConfigurationList;
			buildConfigurations = (
				8368DFEE180CB93E0065B993 /* Debug */,
				8368DFEF180CB93E0065B993 /* Release */,
			);
			defaultConfigurationIsVisible = 0;
			defaultConfigurationName = Release;
		};
/* End XCConfigurationList section */

/* Begin XCVersionGroup section */
		83FA9354180F62D6005DB9DD /* cardapio.xcdatamodeld */ = {
			isa = XCVersionGroup;
			children = (
				83FA9355180F62D6005DB9DD /* cardapio.xcdatamodel */,
			);
			currentVersion = 83FA9355180F62D6005DB9DD /* cardapio.xcdatamodel */;
			path = cardapio.xcdatamodeld;
			sourceTree = SOURCE_ROOT;
			versionGroupType = wrapper.xcdatamodel;
		};
/* End XCVersionGroup section */
	};
	rootObject = 8368DFAD180CB93D0065B993 /* Project object */;
}
